
Microsoft Visual Studio Solution File, Format Version 12.00
# Visual Studio Version 17
VisualStudioVersion = 17.5.33424.131
MinimumVisualStudioVersion = 10.0.40219.1
Project("{FAE04EC0-301F-11D3-BF4B-00C04F79EFBC}") = "Semana9", "Semana9\Semana9.csproj", "{88224FD1-7C26-4713-B06D-5AFF83551BBB}"
EndProject
Global
	GlobalSection(SolutionConfigurationPlatforms) = preSolution
		Debug|Any CPU = Debug|Any CPU
		Release|Any CPU = Release|Any CPU
	EndGlobalSection
	GlobalSection(ProjectConfigurationPlatforms) = postSolution
		{88224FD1-7C26-4713-B06D-5AFF83551BBB}.Debug|Any CPU.ActiveCfg = Debug|Any CPU
		{88224FD1-7C26-4713-B06D-5AFF83551BBB}.Debug|Any CPU.Build.0 = Debug|Any CPU
		{88224FD1-7C26-4713-B06D-5AFF83551BBB}.Release|Any CPU.ActiveCfg = Release|Any CPU
		{88224FD1-7C26-4713-B06D-5AFF83551BBB}.Release|Any CPU.Build.0 = Release|Any CPU
	EndGlobalSection
	GlobalSection(SolutionProperties) = preSolution
		HideSolutionNode = FALSE
	EndGlobalSection
	GlobalSection(ExtensibilityGlobals) = postSolution
		SolutionGuid = {ADFEED2C-9486-4DF5-8716-E85BF0409C46}
	EndGlobalSection
EndGlobal
